// !$*UTF8*$!
{
	archiveVersion = 1;
	classes = {
	};
	objectVersion = 46;
	objects = {

/* Begin PBXBuildFile section */
		07C681F61B801A2000ABC7C5 /* main.m in Sources */ = {isa = PBXBuildFile; fileRef = 07C681F51B801A2000ABC7C5 /* main.m */; };
		07C681F91B801A2000ABC7C5 /* AppDelegate.m in Sources */ = {isa = PBXBuildFile; fileRef = 07C681F81B801A2000ABC7C5 /* AppDelegate.m */; };
		07C681FC1B801A2000ABC7C5 /* ViewController.m in Sources */ = {isa = PBXBuildFile; fileRef = 07C681FB1B801A2000ABC7C5 /* ViewController.m */; };
		07C681FF1B801A2000ABC7C5 /* Main.storyboard in Resources */ = {isa = PBXBuildFile; fileRef = 07C681FD1B801A2000ABC7C5 /* Main.storyboard */; };
		07C682011B801A2000ABC7C5 /* Images.xcassets in Resources */ = {isa = PBXBuildFile; fileRef = 07C682001B801A2000ABC7C5 /* Images.xcassets */; };
		07C682041B801A2000ABC7C5 /* LaunchScreen.xib in Resources */ = {isa = PBXBuildFile; fileRef = 07C682021B801A2000ABC7C5 /* LaunchScreen.xib */; };
		07C682101B801A2000ABC7C5 /* JosephusProblemTests.m in Sources */ = {isa = PBXBuildFile; fileRef = 07C6820F1B801A2000ABC7C5 /* JosephusProblemTests.m */; };
/* End PBXBuildFile section */

/* Begin PBXContainerItemProxy section */
		07C6820A1B801A2000ABC7C5 /* PBXContainerItemProxy */ = {
			isa = PBXContainerItemProxy;
			containerPortal = 07C681E81B801A1F00ABC7C5 /* Project object */;
			proxyType = 1;
			remoteGlobalIDString = 07C681EF1B801A2000ABC7C5;
			remoteInfo = JosephusProblem;
		};
/* End PBXContainerItemProxy section */

/* Begin PBXFileReference section */
		07C681F01B801A2000ABC7C5 /* JosephusProblem.app */ = {isa = PBXFileReference; explicitFileType = wrapper.application; includeInIndex = 0; path = JosephusProblem.app; sourceTree = BUILT_PRODUCTS_DIR; };
		07C681F41B801A2000ABC7C5 /* Info.plist */ = {isa = PBXFileReference; lastKnownFileType = text.plist.xml; path = Info.plist; sourceTree = "<group>"; };
		07C681F51B801A2000ABC7C5 /* main.m */ = {isa = PBXFileReference; lastKnownFileType = sourcecode.c.objc; path = main.m; sourceTree = "<group>"; };
		07C681F71B801A2000ABC7C5 /* AppDelegate.h */ = {isa = PBXFileReference; lastKnownFileType = sourcecode.c.h; path = AppDelegate.h; sourceTree = "<group>"; };
		07C681F81B801A2000ABC7C5 /* AppDelegate.m */ = {isa = PBXFileReference; lastKnownFileType = sourcecode.c.objc; path = AppDelegate.m; sourceTree = "<group>"; };
		07C681FA1B801A2000ABC7C5 /* ViewController.h */ = {isa = PBXFileReference; lastKnownFileType = sourcecode.c.h; path = ViewController.h; sourceTree = "<group>"; };
		07C681FB1B801A2000ABC7C5 /* ViewController.m */ = {isa = PBXFileReference; lastKnownFileType = sourcecode.c.objc; path = ViewController.m; sourceTree = "<group>"; };
		07C681FE1B801A2000ABC7C5 /* Base */ = {isa = PBXFileReference; lastKnownFileType = file.storyboard; name = Base; path = Base.lproj/Main.storyboard; sourceTree = "<group>"; };
		07C682001B801A2000ABC7C5 /* Images.xcassets */ = {isa = PBXFileReference; lastKnownFileType = folder.assetcatalog; path = Images.xcassets; sourceTree = "<group>"; };
		07C682031B801A2000ABC7C5 /* Base */ = {isa = PBXFileReference; lastKnownFileType = file.xib; name = Base; path = Base.lproj/LaunchScreen.xib; sourceTree = "<group>"; };
		07C682091B801A2000ABC7C5 /* JosephusProblemTests.xctest */ = {isa = PBXFileReference; explicitFileType = wrapper.cfbundle; includeInIndex = 0; path = JosephusProblemTests.xctest; sourceTree = BUILT_PRODUCTS_DIR; };
		07C6820E1B801A2000ABC7C5 /* Info.plist */ = {isa = PBXFileReference; lastKnownFileType = text.plist.xml; path = Info.plist; sourceTree = "<group>"; };
		07C6820F1B801A2000ABC7C5 /* JosephusProblemTests.m */ = {isa = PBXFileReference; lastKnownFileType = sourcecode.c.objc; path = JosephusProblemTests.m; sourceTree = "<group>"; };
/* End PBXFileReference section */

/* Begin PBXFrameworksBuildPhase section */
		07C681ED1B801A2000ABC7C5 /* Frameworks */ = {
			isa = PBXFrameworksBuildPhase;
			buildActionMask = 2147483647;
			files = (
			);
			runOnlyForDeploymentPostprocessing = 0;
		};
		07C682061B801A2000ABC7C5 /* Frameworks */ = {
			isa = PBXFrameworksBuildPhase;
			buildActionMask = 2147483647;
			files = (
			);
			runOnlyForDeploymentPostprocessing = 0;
		};
/* End PBXFrameworksBuildPhase section */

/* Begin PBXGroup section */
		07C681E71B801A1F00ABC7C5 = {
			isa = PBXGroup;
			children = (
				07C681F21B801A2000ABC7C5 /* JosephusProblem */,
				07C6820C1B801A2000ABC7C5 /* JosephusProblemTests */,
				07C681F11B801A2000ABC7C5 /* Products */,
			);
			sourceTree = "<group>";
		};
		07C681F11B801A2000ABC7C5 /* Products */ = {
			isa = PBXGroup;
			children = (
				07C681F01B801A2000ABC7C5 /* JosephusProblem.app */,
				07C682091B801A2000ABC7C5 /* JosephusProblemTests.xctest */,
			);
			name = Products;
			sourceTree = "<group>";
		};
		07C681F21B801A2000ABC7C5 /* JosephusProblem */ = {
			isa = PBXGroup;
			children = (
				07C681F71B801A2000ABC7C5 /* AppDelegate.h */,
				07C681F81B801A2000ABC7C5 /* AppDelegate.m */,
				07C681FA1B801A2000ABC7C5 /* ViewController.h */,
				07C681FB1B801A2000ABC7C5 /* ViewController.m */,
				07C681FD1B801A2000ABC7C5 /* Main.storyboard */,
				07C682001B801A2000ABC7C5 /* Images.xcassets */,
				07C682021B801A2000ABC7C5 /* LaunchScreen.xib */,
				07C681F31B801A2000ABC7C5 /* Supporting Files */,
			);
			path = JosephusProblem;
			sourceTree = "<group>";
		};
		07C681F31B801A2000ABC7C5 /* Supporting Files */ = {
			isa = PBXGroup;
			children = (
				07C681F41B801A2000ABC7C5 /* Info.plist */,
				07C681F51B801A2000ABC7C5 /* main.m */,
			);
			name = "Supporting Files";
			sourceTree = "<group>";
		};
		07C6820C1B801A2000ABC7C5 /* JosephusProblemTests */ = {
			isa = PBXGroup;
			children = (
				07C6820F1B801A2000ABC7C5 /* JosephusProblemTests.m */,
				07C6820D1B801A2000ABC7C5 /* Supporting Files */,
			);
			path = JosephusProblemTests;
			sourceTree = "<group>";
		};
		07C6820D1B801A2000ABC7C5 /* Supporting Files */ = {
			isa = PBXGroup;
			children = (
				07C6820E1B801A2000ABC7C5 /* Info.plist */,
			);
			name = "Supporting Files";
			sourceTree = "<group>";
		};
/* End PBXGroup section */

/* Begin PBXNativeTarget section */
		07C681EF1B801A2000ABC7C5 /* JosephusProblem */ = {
			isa = PBXNativeTarget;
			buildConfigurationList = 07C682131B801A2000ABC7C5 /* Build configuration list for PBXNativeTarget "JosephusProblem" */;
			buildPhases = (
				07C681EC1B801A2000ABC7C5 /* Sources */,
				07C681ED1B801A2000ABC7C5 /* Frameworks */,
				07C681EE1B801A2000ABC7C5 /* Resources */,
			);
			buildRules = (
			);
			dependencies = (
			);
			name = JosephusProblem;
			productName = JosephusProblem;
			productReference = 07C681F01B801A2000ABC7C5 /* JosephusProblem.app */;
			productType = "com.apple.product-type.application";
		};
		07C682081B801A2000ABC7C5 /* JosephusProblemTests */ = {
			isa = PBXNativeTarget;
			buildConfigurationList = 07C682161B801A2000ABC7C5 /* Build configuration list for PBXNativeTarget "JosephusProblemTests" */;
			buildPhases = (
				07C682051B801A2000ABC7C5 /* Sources */,
				07C682061B801A2000ABC7C5 /* Frameworks */,
				07C682071B801A2000ABC7C5 /* Resources */,
			);
			buildRules = (
			);
			dependencies = (
				07C6820B1B801A2000ABC7C5 /* PBXTargetDependency */,
			);
			name = JosephusProblemTests;
			productName = JosephusProblemTests;
			productReference = 07C682091B801A2000ABC7C5 /* JosephusProblemTests.xctest */;
			productType = "com.apple.product-type.bundle.unit-test";
		};
/* End PBXNativeTarget section */

/* Begin PBXProject section */
		07C681E81B801A1F00ABC7C5 /* Project object */ = {
			isa = PBXProject;
			attributes = {
				LastUpgradeCheck = 0640;
				ORGANIZATIONNAME = "Carlos Alban";
				TargetAttributes = {
					07C681EF1B801A2000ABC7C5 = {
						CreatedOnToolsVersion = 6.4;
					};
					07C682081B801A2000ABC7C5 = {
						CreatedOnToolsVersion = 6.4;
						TestTargetID = 07C681EF1B801A2000ABC7C5;
					};
				};
			};
			buildConfigurationList = 07C681EB1B801A1F00ABC7C5 /* Build configuration list for PBXProject "JosephusProblem" */;
			compatibilityVersion = "Xcode 3.2";
			developmentRegion = English;
			hasScannedForEncodings = 0;
			knownRegions = (
				en,
				Base,
			);
			mainGroup = 07C681E71B801A1F00ABC7C5;
			productRefGroup = 07C681F11B801A2000ABC7C5 /* Products */;
			projectDirPath = "";
			projectRoot = "";
			targets = (
				07C681EF1B801A2000ABC7C5 /* JosephusProblem */,
				07C682081B801A2000ABC7C5 /* JosephusProblemTests */,
			);
		};
/* End PBXProject section */

/* Begin PBXResourcesBuildPhase section */
		07C681EE1B801A2000ABC7C5 /* Resources */ = {
			isa = PBXResourcesBuildPhase;
			buildActionMask = 2147483647;
			files = (
				07C681FF1B801A2000ABC7C5 /* Main.storyboard in Resources */,
				07C682041B801A2000ABC7C5 /* LaunchScreen.xib in Resources */,
				07C682011B801A2000ABC7C5 /* Images.xcassets in Resources */,
			);
			runOnlyForDeploymentPostprocessing = 0;
		};
		07C682071B801A2000ABC7C5 /* Resources */ = {
			isa = PBXResourcesBuildPhase;
			buildActionMask = 2147483647;
			files = (
			);
			runOnlyForDeploymentPostprocessing = 0;
		};
/* End PBXResourcesBuildPhase section */

/* Begin PBXSourcesBuildPhase section */
		07C681EC1B801A2000ABC7C5 /* Sources */ = {
			isa = PBXSourcesBuildPhase;
			buildActionMask = 2147483647;
			files = (
				07C681FC1B801A2000ABC7C5 /* ViewController.m in Sources */,
				07C681F91B801A2000ABC7C5 /* AppDelegate.m in Sources */,
				07C681F61B801A2000ABC7C5 /* main.m in Sources */,
			);
			runOnlyForDeploymentPostprocessing = 0;
		};
		07C682051B801A2000ABC7C5 /* Sources */ = {
			isa = PBXSourcesBuildPhase;
			buildActionMask = 2147483647;
			files = (
				07C682101B801A2000ABC7C5 /* JosephusProblemTests.m in Sources */,
			);
			runOnlyForDeploymentPostprocessing = 0;
		};
/* End PBXSourcesBuildPhase section */

/* Begin PBXTargetDependency section */
		07C6820B1B801A2000ABC7C5 /* PBXTargetDependency */ = {
			isa = PBXTargetDependency;
			target = 07C681EF1B801A2000ABC7C5 /* JosephusProblem */;
			targetProxy = 07C6820A1B801A2000ABC7C5 /* PBXContainerItemProxy */;
		};
/* End PBXTargetDependency section */

/* Begin PBXVariantGroup section */
		07C681FD1B801A2000ABC7C5 /* Main.storyboard */ = {
			isa = PBXVariantGroup;
			children = (
				07C681FE1B801A2000ABC7C5 /* Base */,
			);
			name = Main.storyboard;
			sourceTree = "<group>";
		};
		07C682021B801A2000ABC7C5 /* LaunchScreen.xib */ = {
			isa = PBXVariantGroup;
			children = (
				07C682031B801A2000ABC7C5 /* Base */,
			);
			name = LaunchScreen.xib;
			sourceTree = "<group>";
		};
/* End PBXVariantGroup section */

/* Begin XCBuildConfiguration section */
		07C682111B801A2000ABC7C5 /* Debug */ = {
			isa = XCBuildConfiguration;
			buildSettings = {
				ALWAYS_SEARCH_USER_PATHS = NO;
				CLANG_CXX_LANGUAGE_STANDARD = "gnu++0x";
				CLANG_CXX_LIBRARY = "libc++";
				CLANG_ENABLE_MODULES = YES;
				CLANG_ENABLE_OBJC_ARC = YES;
				CLANG_WARN_BOOL_CONVERSION = YES;
				CLANG_WARN_CONSTANT_CONVERSION = YES;
				CLANG_WARN_DIRECT_OBJC_ISA_USAGE = YES_ERROR;
				CLANG_WARN_EMPTY_BODY = YES;
				CLANG_WARN_ENUM_CONVERSION = YES;
				CLANG_WARN_INT_CONVERSION = YES;
				CLANG_WARN_OBJC_ROOT_CLASS = YES_ERROR;
				CLANG_WARN_UNREACHABLE_CODE = YES;
				CLANG_WARN__DUPLICATE_METHOD_MATCH = YES;
				"CODE_SIGN_IDENTITY[sdk=iphoneos*]" = "iPhone Developer";
				COPY_PHASE_STRIP = NO;
				DEBUG_INFORMATION_FORMAT = "dwarf-with-dsym";
				ENABLE_STRICT_OBJC_MSGSEND = YES;
				GCC_C_LANGUAGE_STANDARD = gnu99;
				GCC_DYNAMIC_NO_PIC = NO;
				GCC_NO_COMMON_BLOCKS = YES;
				GCC_OPTIMIZATION_LEVEL = 0;
				GCC_PREPROCESSOR_DEFINITIONS = (
					"DEBUG=1",
					"$(inherited)",
				);
				GCC_SYMBOLS_PRIVATE_EXTERN = NO;
				GCC_WARN_64_TO_32_BIT_CONVERSION = YES;
				GCC_WARN_ABOUT_RETURN_TYPE = YES_ERROR;
				GCC_WARN_UNDECLARED_SELECTOR = YES;
				GCC_WARN_UNINITIALIZED_AUTOS = YES_AGGRESSIVE;
				GCC_WARN_UNUSED_FUNCTION = YES;
				GCC_WARN_UNUSED_VARIABLE = YES;
				IPHONEOS_DEPLOYMENT_TARGET = 8.4;
				MTL_ENABLE_DEBUG_INFO = YES;
				ONLY_ACTIVE_ARCH = YES;
				SDKROOT = iphoneos;
			};
			name = Debug;
		};
		07C682121B801A2000ABC7C5 /* Release */ = {
			isa = XCBuildConfiguration;
			buildSettings = {
				ALWAYS_SEARCH_USER_PATHS = NO;
				CLANG_CXX_LANGUAGE_STANDARD = "gnu++0x";
				CLANG_CXX_LIBRARY = "libc++";
				CLANG_ENABLE_MODULES = YES;
				CLANG_ENABLE_OBJC_ARC = YES;
				CLANG_WARN_BOOL_CONVERSION = YES;
				CLANG_WARN_CONSTANT_CONVERSION = YES;
				CLANG_WARN_DIRECT_OBJC_ISA_USAGE = YES_ERROR;
				CLANG_WARN_EMPTY_BODY = YES;
				CLANG_WARN_ENUM_CONVERSION = YES;
				CLANG_WARN_INT_CONVERSION = YES;
				CLANG_WARN_OBJC_ROOT_CLASS = YES_ERROR;
				CLANG_WARN_UNREACHABLE_CODE = YES;
				CLANG_WARN__DUPLICATE_METHOD_MATCH = YES;
				"CODE_SIGN_IDENTITY[sdk=iphoneos*]" = "iPhone Developer";
				COPY_PHASE_STRIP = NO;
				DEBUG_INFORMATION_FORMAT = "dwarf-with-dsym";
				ENABLE_NS_ASSERTIONS = NO;
				ENABLE_STRICT_OBJC_MSGSEND = YES;
				GCC_C_LANGUAGE_STANDARD = gnu99;
				GCC_NO_COMMON_BLOCKS = YES;
				GCC_WARN_64_TO_32_BIT_CONVERSION = YES;
				GCC_WARN_ABOUT_RETURN_TYPE = YES_ERROR;
				GCC_WARN_UNDECLARED_SELECTOR = YES;
				GCC_WARN_UNINITIALIZED_AUTOS = YES_AGGRESSIVE;
				GCC_WARN_UNUSED_FUNCTION = YES;
				GCC_WARN_UNUSED_VARIABLE = YES;
				IPHONEOS_DEPLOYMENT_TARGET = 8.4;
				MTL_ENABLE_DEBUG_INFO = NO;
				SDKROOT = iphoneos;
				VALIDATE_PRODUCT = YES;
			};
			name = Release;
		};
		07C682141B801A2000ABC7C5 /* Debug */ = {
			isa = XCBuildConfiguration;
			buildSettings = {
				ASSETCATALOG_COMPILER_APPICON_NAME = AppIcon;
				INFOPLIST_FILE = JosephusProblem/Info.plist;
				LD_RUNPATH_SEARCH_PATHS = "$(inherited) @executable_path/Frameworks";
				PRODUCT_NAME = "$(TARGET_NAME)";
			};
			name = Debug;
		};
		07C682151B801A2000ABC7C5 /* Release */ = {
			isa = XCBuildConfiguration;
			buildSettings = {
				ASSETCATALOG_COMPILER_APPICON_NAME = AppIcon;
				INFOPLIST_FILE = JosephusProblem/Info.plist;
				LD_RUNPATH_SEARCH_PATHS = "$(inherited) @executable_path/Frameworks";
				PRODUCT_NAME = "$(TARGET_NAME)";
			};
			name = Release;
		};
		07C682171B801A2000ABC7C5 /* Debug */ = {
			isa = XCBuildConfiguration;
			buildSettings = {
				BUNDLE_LOADER = "$(TEST_HOST)";
				FRAMEWORK_SEARCH_PATHS = (
					"$(SDKROOT)/Developer/Library/Frameworks",
					"$(inherited)",
				);
				GCC_PREPROCESSOR_DEFINITIONS = (
					"DEBUG=1",
					"$(inherited)",
				);
				INFOPLIST_FILE = JosephusProblemTests/Info.plist;
				LD_RUNPATH_SEARCH_PATHS = "$(inherited) @executable_path/Frameworks @loader_path/Frameworks";
				PRODUCT_NAME = "$(TARGET_NAME)";
				TEST_HOST = "$(BUILT_PRODUCTS_DIR)/JosephusProblem.app/JosephusProblem";
			};
			name = Debug;
		};
		07C682181B801A2000ABC7C5 /* Release */ = {
			isa = XCBuildConfiguration;
			buildSettings = {
				BUNDLE_LOADER = "$(TEST_HOST)";
				FRAMEWORK_SEARCH_PATHS = (
					"$(SDKROOT)/Developer/Library/Frameworks",
					"$(inherited)",
				);
				INFOPLIST_FILE = JosephusProblemTests/Info.plist;
				LD_RUNPATH_SEARCH_PATHS = "$(inherited) @executable_path/Frameworks @loader_path/Frameworks";
				PRODUCT_NAME = "$(TARGET_NAME)";
				TEST_HOST = "$(BUILT_PRODUCTS_DIR)/JosephusProblem.app/JosephusProblem";
			};
			name = Release;
		};
/* End XCBuildConfiguration section */

/* Begin XCConfigurationList section */
		07C681EB1B801A1F00ABC7C5 /* Build configuration list for PBXProject "JosephusProblem" */ = {
			isa = XCConfigurationList;
			buildConfigurations = (
				07C682111B801A2000ABC7C5 /* Debug */,
				07C682121B801A2000ABC7C5 /* Release */,
			);
			defaultConfigurationIsVisible = 0;
			defaultConfigurationName = Release;
		};
		07C682131B801A2000ABC7C5 /* Build configuration list for PBXNativeTarget "JosephusProblem" */ = {
			isa = XCConfigurationList;
			buildConfigurations = (
				07C682141B801A2000ABC7C5 /* Debug */,
				07C682151B801A2000ABC7C5 /* Release */,
			);
			defaultConfigurationIsVisible = 0;
		};
		07C682161B801A2000ABC7C5 /* Build configuration list for PBXNativeTarget "JosephusProblemTests" */ = {
			isa = XCConfigurationList;
			buildConfigurations = (
				07C682171B801A2000ABC7C5 /* Debug */,
				07C682181B801A2000ABC7C5 /* Release */,
			);
			defaultConfigurationIsVisible = 0;
		};
/* End XCConfigurationList section */
	};
	rootObject = 07C681E81B801A1F00ABC7C5 /* Project object */;
}
